
Microsoft Visual Studio Solution File, Format Version 12.00
# Visual Studio Version 16
VisualStudioVersion = 16.0.31624.102
MinimumVisualStudioVersion = 10.0.40219.1
Project("{FAE04EC0-301F-11D3-BF4B-00C04F79EFBC}") = "Live 3", "Live 3\Live 3.csproj", "{B25F5666-71D0-4FCC-91C6-99466985379E}"
EndProject
Global
	GlobalSection(SolutionConfigurationPlatforms) = preSolution
		Debug|Any CPU = Debug|Any CPU
		Release|Any CPU = Release|Any CPU
	EndGlobalSection
	GlobalSection(ProjectConfigurationPlatforms) = postSolution
		{B25F5666-71D0-4FCC-91C6-99466985379E}.Debug|Any CPU.ActiveCfg = Debug|Any CPU
		{B25F5666-71D0-4FCC-91C6-99466985379E}.Debug|Any CPU.Build.0 = Debug|Any CPU
		{B25F5666-71D0-4FCC-91C6-99466985379E}.Release|Any CPU.ActiveCfg = Release|Any CPU
		{B25F5666-71D0-4FCC-91C6-99466985379E}.Release|Any CPU.Build.0 = Release|Any CPU
	EndGlobalSection
	GlobalSection(SolutionProperties) = preSolution
		HideSolutionNode = FALSE
	EndGlobalSection
	GlobalSection(ExtensibilityGlobals) = postSolution
		SolutionGuid = {9F2FF492-21B5-4875-873C-AE6B3DD170BE}
	EndGlobalSection
EndGlobal
